Microsoft Visual Studio Solution File, Format Version 11.00
# Visual Studio 2008

Project("{DB9C6DD2-5D05-0D3C-9F4A-E62D4E0E91A2}") = "PROJETO JYMIDIA 23-06-2014", "Assembly-CSharp-firstpass-vs.csproj", "{EF7FFB92-F210-58F8-EB40-7A3E3913D01D}"
EndProject
Project("{DB9C6DD2-5D05-0D3C-9F4A-E62D4E0E91A2}") = "PROJETO JYMIDIA 23-06-2014", "Assembly-CSharp-vs.csproj", "{B54EFAB7-ADC7-4DD7-834E-6BDD5F6BB93D}"
EndProject
Project("{DB9C6DD2-5D05-0D3C-9F4A-E62D4E0E91A2}") = "PROJETO JYMIDIA 23-06-2014", "Assembly-CSharp-Editor-vs.csproj", "{8F5BB8BE-09D9-4ACC-951A-F5CB8E35189C}"
EndProject
Global
	GlobalSection(SolutionConfigurationPlatforms) = preSolution
		Debug|Any CPU = Debug|Any CPU
		Release|Any CPU = Release|Any CPU
	EndGlobalSection
	GlobalSection(ProjectConfigurationPlatforms) = postSolution
		{EF7FFB92-F210-58F8-EB40-7A3E3913D01D}.Debug|Any CPU.ActiveCfg = Debug|Any CPU
		{EF7FFB92-F210-58F8-EB40-7A3E3913D01D}.Debug|Any CPU.Build.0 = Debug|Any CPU
		{EF7FFB92-F210-58F8-EB40-7A3E3913D01D}.Release|Any CPU.ActiveCfg = Release|Any CPU
		{EF7FFB92-F210-58F8-EB40-7A3E3913D01D}.Release|Any CPU.Build.0 = Release|Any CPU
		{B54EFAB7-ADC7-4DD7-834E-6BDD5F6BB93D}.Debug|Any CPU.ActiveCfg = Debug|Any CPU
		{B54EFAB7-ADC7-4DD7-834E-6BDD5F6BB93D}.Debug|Any CPU.Build.0 = Debug|Any CPU
		{B54EFAB7-ADC7-4DD7-834E-6BDD5F6BB93D}.Release|Any CPU.ActiveCfg = Release|Any CPU
		{B54EFAB7-ADC7-4DD7-834E-6BDD5F6BB93D}.Release|Any CPU.Build.0 = Release|Any CPU
		{8F5BB8BE-09D9-4ACC-951A-F5CB8E35189C}.Debug|Any CPU.ActiveCfg = Debug|Any CPU
		{8F5BB8BE-09D9-4ACC-951A-F5CB8E35189C}.Debug|Any CPU.Build.0 = Debug|Any CPU
		{8F5BB8BE-09D9-4ACC-951A-F5CB8E35189C}.Release|Any CPU.ActiveCfg = Release|Any CPU
		{8F5BB8BE-09D9-4ACC-951A-F5CB8E35189C}.Release|Any CPU.Build.0 = Release|Any CPU
	EndGlobalSection
	GlobalSection(SolutionProperties) = preSolution
		HideSolutionNode = FALSE
	EndGlobalSection
				GlobalSection(MonoDevelopProperties) = preSolution
		StartupItem = Assembly-CSharp.csproj
		Policies = $0
		$0.TextStylePolicy = $1
		$1.inheritsSet = null
		$1.scope = text/x-csharp
		$0.CSharpFormattingPolicy = $2
		$2.inheritsSet = Mono
		$2.inheritsScope = text/x-csharp
		$2.scope = text/x-csharp
		$0.TextStylePolicy = $3
		$3.FileWidth = 120
		$3.TabWidth = 4
		$3.EolMarker = Unix
		$3.inheritsSet = Mono
		$3.inheritsScope = text/plain
		$3.scope = text/plain
	EndGlobalSection

EndGlobal
